
Microsoft Visual Studio Solution File, Format Version 12.00
# Visual Studio Version 16
VisualStudioVersion = 16.0.29926.136
MinimumVisualStudioVersion = 10.0.40219.1
Project("{FAE04EC0-301F-11D3-BF4B-00C04F79EFBC}") = "Real Estate Management Software - Milestone 1", "Real Estate Management Software - Milestone 1.csproj", "{7C559037-F66E-4546-8B68-B7BD8160518F}"
EndProject
Global
	GlobalSection(SolutionConfigurationPlatforms) = preSolution
		Debug|Any CPU = Debug|Any CPU
		Release|Any CPU = Release|Any CPU
	EndGlobalSection
	GlobalSection(ProjectConfigurationPlatforms) = postSolution
		{7C559037-F66E-4546-8B68-B7BD8160518F}.Debug|Any CPU.ActiveCfg = Debug|Any CPU
		{7C559037-F66E-4546-8B68-B7BD8160518F}.Debug|Any CPU.Build.0 = Debug|Any CPU
		{7C559037-F66E-4546-8B68-B7BD8160518F}.Release|Any CPU.ActiveCfg = Release|Any CPU
		{7C559037-F66E-4546-8B68-B7BD8160518F}.Release|Any CPU.Build.0 = Release|Any CPU
	EndGlobalSection
	GlobalSection(SolutionProperties) = preSolution
		HideSolutionNode = FALSE
	EndGlobalSection
	GlobalSection(ExtensibilityGlobals) = postSolution
		SolutionGuid = {F852DD05-EA60-4EC9-8A3E-68E1CB27F280}
	EndGlobalSection
EndGlobal
